// !$*UTF8*$!
{
	archiveVersion = 1;
	classes = {
	};
	objectVersion = 46;
	objects = {

/* Begin PBXBuildFile section */
		16363C821E83ADAA000B7565 /* ClockViewController.swift in Sources */ = {isa = PBXBuildFile; fileRef = 16363C811E83ADAA000B7565 /* ClockViewController.swift */; };
		16363CAC1E83BA7E000B7565 /* blowing snow.png in Resources */ = {isa = PBXBuildFile; fileRef = 16363C851E83BA7E000B7565 /* blowing snow.png */; };
		16363CAD1E83BA7E000B7565 /* blustery.png in Resources */ = {isa = PBXBuildFile; fileRef = 16363C861E83BA7E000B7565 /* blustery.png */; };
		16363CAE1E83BA7E000B7565 /* clear.png in Resources */ = {isa = PBXBuildFile; fileRef = 16363C871E83BA7E000B7565 /* clear.png */; };
		16363CB01E83BA7E000B7565 /* cloudy.png in Resources */ = {isa = PBXBuildFile; fileRef = 16363C891E83BA7E000B7565 /* cloudy.png */; };
		16363CB11E83BA7E000B7565 /* cold.png in Resources */ = {isa = PBXBuildFile; fileRef = 16363C8A1E83BA7E000B7565 /* cold.png */; };
		16363CB21E83BA7E000B7565 /* drizzle.png in Resources */ = {isa = PBXBuildFile; fileRef = 16363C8B1E83BA7E000B7565 /* drizzle.png */; };
		16363CB31E83BA7E000B7565 /* dust.png in Resources */ = {isa = PBXBuildFile; fileRef = 16363C8C1E83BA7E000B7565 /* dust.png */; };
		16363CB41E83BA7E000B7565 /* fair.png in Resources */ = {isa = PBXBuildFile; fileRef = 16363C8D1E83BA7E000B7565 /* fair.png */; };
		16363CB51E83BA7E000B7565 /* foggy.png in Resources */ = {isa = PBXBuildFile; fileRef = 16363C8E1E83BA7E000B7565 /* foggy.png */; };
		16363CB61E83BA7E000B7565 /* freezing drizzle.png in Resources */ = {isa = PBXBuildFile; fileRef = 16363C8F1E83BA7E000B7565 /* freezing drizzle.png */; };
		16363CB71E83BA7E000B7565 /* freezing rain.png in Resources */ = {isa = PBXBuildFile; fileRef = 16363C901E83BA7E000B7565 /* freezing rain.png */; };
		16363CB81E83BA7E000B7565 /* hail.png in Resources */ = {isa = PBXBuildFile; fileRef = 16363C911E83BA7E000B7565 /* hail.png */; };
		16363CB91E83BA7E000B7565 /* haze.png in Resources */ = {isa = PBXBuildFile; fileRef = 16363C921E83BA7E000B7565 /* haze.png */; };
		16363CBA1E83BA7E000B7565 /* heavy snow.png in Resources */ = {isa = PBXBuildFile; fileRef = 16363C931E83BA7E000B7565 /* heavy snow.png */; };
		16363CBB1E83BA7E000B7565 /* hot.png in Resources */ = {isa = PBXBuildFile; fileRef = 16363C941E83BA7E000B7565 /* hot.png */; };
		16363CBC1E83BA7E000B7565 /* isolated thundershowers.png in Resources */ = {isa = PBXBuildFile; fileRef = 16363C951E83BA7E000B7565 /* isolated thundershowers.png */; };
		16363CBD1E83BA7E000B7565 /* isolated thunderstorms.png in Resources */ = {isa = PBXBuildFile; fileRef = 16363C961E83BA7E000B7565 /* isolated thunderstorms.png */; };
		16363CBE1E83BA7E000B7565 /* light snow showers.png in Resources */ = {isa = PBXBuildFile; fileRef = 16363C971E83BA7E000B7565 /* light snow showers.png */; };
		16363CBF1E83BA7E000B7565 /* mixed rain and hail.png in Resources */ = {isa = PBXBuildFile; fileRef = 16363C981E83BA7E000B7565 /* mixed rain and hail.png */; };
		16363CC01E83BA7E000B7565 /* mixed rain and sleet.png in Resources */ = {isa = PBXBuildFile; fileRef = 16363C991E83BA7E000B7565 /* mixed rain and sleet.png */; };
		16363CC11E83BA7E000B7565 /* mixed rain and snow.png in Resources */ = {isa = PBXBuildFile; fileRef = 16363C9A1E83BA7E000B7565 /* mixed rain and snow.png */; };
		16363CC21E83BA7E000B7565 /* mixed snow and sleet.png in Resources */ = {isa = PBXBuildFile; fileRef = 16363C9B1E83BA7E000B7565 /* mixed snow and sleet.png */; };
		16363CC31E83BA7E000B7565 /* mostly cloudy.png in Resources */ = {isa = PBXBuildFile; fileRef = 16363C9C1E83BA7E000B7565 /* mostly cloudy.png */; };
		16363CC41E83BA7E000B7565 /* partly cloudy.png in Resources */ = {isa = PBXBuildFile; fileRef = 16363C9D1E83BA7E000B7565 /* partly cloudy.png */; };
		16363CC51E83BA7E000B7565 /* scattered showers.png in Resources */ = {isa = PBXBuildFile; fileRef = 16363C9E1E83BA7E000B7565 /* scattered showers.png */; };
		16363CC61E83BA7E000B7565 /* scattered snow showers.png in Resources */ = {isa = PBXBuildFile; fileRef = 16363C9F1E83BA7E000B7565 /* scattered snow showers.png */; };
		16363CC71E83BA7E000B7565 /* scattered thunderstorms.png in Resources */ = {isa = PBXBuildFile; fileRef = 16363CA01E83BA7E000B7565 /* scattered thunderstorms.png */; };
		16363CC81E83BA7E000B7565 /* severe thunderstorms.png in Resources */ = {isa = PBXBuildFile; fileRef = 16363CA11E83BA7E000B7565 /* severe thunderstorms.png */; };
		16363CC91E83BA7E000B7565 /* showers.png in Resources */ = {isa = PBXBuildFile; fileRef = 16363CA21E83BA7E000B7565 /* showers.png */; };
		16363CCA1E83BA7E000B7565 /* sleet.png in Resources */ = {isa = PBXBuildFile; fileRef = 16363CA31E83BA7E000B7565 /* sleet.png */; };
		16363CCB1E83BA7E000B7565 /* smoke.png in Resources */ = {isa = PBXBuildFile; fileRef = 16363CA41E83BA7E000B7565 /* smoke.png */; };
		16363CCC1E83BA7E000B7565 /* smoky.png in Resources */ = {isa = PBXBuildFile; fileRef = 16363CA51E83BA7E000B7565 /* smoky.png */; };
		16363CCD1E83BA7E000B7565 /* snow flurries.png in Resources */ = {isa = PBXBuildFile; fileRef = 16363CA61E83BA7E000B7565 /* snow flurries.png */; };
		16363CCE1E83BA7E000B7565 /* snow showers.png in Resources */ = {isa = PBXBuildFile; fileRef = 16363CA71E83BA7E000B7565 /* snow showers.png */; };
		16363CCF1E83BA7E000B7565 /* snow.png in Resources */ = {isa = PBXBuildFile; fileRef = 16363CA81E83BA7E000B7565 /* snow.png */; };
		16363CD01E83BA7E000B7565 /* sunny.png in Resources */ = {isa = PBXBuildFile; fileRef = 16363CA91E83BA7E000B7565 /* sunny.png */; };
		16363CD11E83BA7E000B7565 /* thunderstorms.png in Resources */ = {isa = PBXBuildFile; fileRef = 16363CAA1E83BA7E000B7565 /* thunderstorms.png */; };
		16363CD21E83BA7E000B7565 /* windy.png in Resources */ = {isa = PBXBuildFile; fileRef = 16363CAB1E83BA7E000B7565 /* windy.png */; };
		16DF37D61E8268EC008EE40F /* AppDelegate.swift in Sources */ = {isa = PBXBuildFile; fileRef = 16DF37D51E8268EC008EE40F /* AppDelegate.swift */; };
		16DF37DB1E8268EC008EE40F /* Main.storyboard in Resources */ = {isa = PBXBuildFile; fileRef = 16DF37D91E8268EC008EE40F /* Main.storyboard */; };
		16DF37DD1E8268EC008EE40F /* Assets.xcassets in Resources */ = {isa = PBXBuildFile; fileRef = 16DF37DC1E8268EC008EE40F /* Assets.xcassets */; };
		16DF37E01E8268EC008EE40F /* LaunchScreen.storyboard in Resources */ = {isa = PBXBuildFile; fileRef = 16DF37DE1E8268EC008EE40F /* LaunchScreen.storyboard */; };
		16DF37E91E82708C008EE40F /* MapKit.framework in Frameworks */ = {isa = PBXBuildFile; fileRef = 16DF37E81E82708C008EE40F /* MapKit.framework */; };
/* End PBXBuildFile section */

/* Begin PBXFileReference section */
		16363C811E83ADAA000B7565 /* ClockViewController.swift */ = {isa = PBXFileReference; fileEncoding = 4; lastKnownFileType = sourcecode.swift; name = ClockViewController.swift; path = Clock/ClockViewController.swift; sourceTree = "<group>"; };
		16363C851E83BA7E000B7565 /* blowing snow.png */ = {isa = PBXFileReference; lastKnownFileType = image.png; path = "blowing snow.png"; sourceTree = "<group>"; };
		16363C861E83BA7E000B7565 /* blustery.png */ = {isa = PBXFileReference; lastKnownFileType = image.png; path = blustery.png; sourceTree = "<group>"; };
		16363C871E83BA7E000B7565 /* clear.png */ = {isa = PBXFileReference; lastKnownFileType = image.png; path = clear.png; sourceTree = "<group>"; };
		16363C891E83BA7E000B7565 /* cloudy.png */ = {isa = PBXFileReference; lastKnownFileType = image.png; path = cloudy.png; sourceTree = "<group>"; };
		16363C8A1E83BA7E000B7565 /* cold.png */ = {isa = PBXFileReference; lastKnownFileType = image.png; path = cold.png; sourceTree = "<group>"; };
		16363C8B1E83BA7E000B7565 /* drizzle.png */ = {isa = PBXFileReference; lastKnownFileType = image.png; path = drizzle.png; sourceTree = "<group>"; };
		16363C8C1E83BA7E000B7565 /* dust.png */ = {isa = PBXFileReference; lastKnownFileType = image.png; path = dust.png; sourceTree = "<group>"; };
		16363C8D1E83BA7E000B7565 /* fair.png */ = {isa = PBXFileReference; lastKnownFileType = image.png; path = fair.png; sourceTree = "<group>"; };
		16363C8E1E83BA7E000B7565 /* foggy.png */ = {isa = PBXFileReference; lastKnownFileType = image.png; path = foggy.png; sourceTree = "<group>"; };
		16363C8F1E83BA7E000B7565 /* freezing drizzle.png */ = {isa = PBXFileReference; lastKnownFileType = image.png; path = "freezing drizzle.png"; sourceTree = "<group>"; };
		16363C901E83BA7E000B7565 /* freezing rain.png */ = {isa = PBXFileReference; lastKnownFileType = image.png; path = "freezing rain.png"; sourceTree = "<group>"; };
		16363C911E83BA7E000B7565 /* hail.png */ = {isa = PBXFileReference; lastKnownFileType = image.png; path = hail.png; sourceTree = "<group>"; };
		16363C921E83BA7E000B7565 /* haze.png */ = {isa = PBXFileReference; lastKnownFileType = image.png; path = haze.png; sourceTree = "<group>"; };
		16363C931E83BA7E000B7565 /* heavy snow.png */ = {isa = PBXFileReference; lastKnownFileType = image.png; path = "heavy snow.png"; sourceTree = "<group>"; };
		16363C941E83BA7E000B7565 /* hot.png */ = {isa = PBXFileReference; lastKnownFileType = image.png; path = hot.png; sourceTree = "<group>"; };
		16363C951E83BA7E000B7565 /* isolated thundershowers.png */ = {isa = PBXFileReference; lastKnownFileType = image.png; path = "isolated thundershowers.png"; sourceTree = "<group>"; };
		16363C961E83BA7E000B7565 /* isolated thunderstorms.png */ = {isa = PBXFileReference; lastKnownFileType = image.png; path = "isolated thunderstorms.png"; sourceTree = "<group>"; };
		16363C971E83BA7E000B7565 /* light snow showers.png */ = {isa = PBXFileReference; lastKnownFileType = image.png; path = "light snow showers.png"; sourceTree = "<group>"; };
		16363C981E83BA7E000B7565 /* mixed rain and hail.png */ = {isa = PBXFileReference; lastKnownFileType = image.png; path = "mixed rain and hail.png"; sourceTree = "<group>"; };
		16363C991E83BA7E000B7565 /* mixed rain and sleet.png */ = {isa = PBXFileReference; lastKnownFileType = image.png; path = "mixed rain and sleet.png"; sourceTree = "<group>"; };
		16363C9A1E83BA7E000B7565 /* mixed rain and snow.png */ = {isa = PBXFileReference; lastKnownFileType = image.png; path = "mixed rain and snow.png"; sourceTree = "<group>"; };
		16363C9B1E83BA7E000B7565 /* mixed snow and sleet.png */ = {isa = PBXFileReference; lastKnownFileType = image.png; path = "mixed snow and sleet.png"; sourceTree = "<group>"; };
		16363C9C1E83BA7E000B7565 /* mostly cloudy.png */ = {isa = PBXFileReference; lastKnownFileType = image.png; path = "mostly cloudy.png"; sourceTree = "<group>"; };
		16363C9D1E83BA7E000B7565 /* partly cloudy.png */ = {isa = PBXFileReference; lastKnownFileType = image.png; path = "partly cloudy.png"; sourceTree = "<group>"; };
		16363C9E1E83BA7E000B7565 /* scattered showers.png */ = {isa = PBXFileReference; lastKnownFileType = image.png; path = "scattered showers.png"; sourceTree = "<group>"; };
		16363C9F1E83BA7E000B7565 /* scattered snow showers.png */ = {isa = PBXFileReference; lastKnownFileType = image.png; path = "scattered snow showers.png"; sourceTree = "<group>"; };
		16363CA01E83BA7E000B7565 /* scattered thunderstorms.png */ = {isa = PBXFileReference; lastKnownFileType = image.png; path = "scattered thunderstorms.png"; sourceTree = "<group>"; };
		16363CA11E83BA7E000B7565 /* severe thunderstorms.png */ = {isa = PBXFileReference; lastKnownFileType = image.png; path = "severe thunderstorms.png"; sourceTree = "<group>"; };
		16363CA21E83BA7E000B7565 /* showers.png */ = {isa = PBXFileReference; lastKnownFileType = image.png; path = showers.png; sourceTree = "<group>"; };
		16363CA31E83BA7E000B7565 /* sleet.png */ = {isa = PBXFileReference; lastKnownFileType = image.png; path = sleet.png; sourceTree = "<group>"; };
		16363CA41E83BA7E000B7565 /* smoke.png */ = {isa = PBXFileReference; lastKnownFileType = image.png; path = smoke.png; sourceTree = "<group>"; };
		16363CA51E83BA7E000B7565 /* smoky.png */ = {isa = PBXFileReference; lastKnownFileType = image.png; path = smoky.png; sourceTree = "<group>"; };
		16363CA61E83BA7E000B7565 /* snow flurries.png */ = {isa = PBXFileReference; lastKnownFileType = image.png; path = "snow flurries.png"; sourceTree = "<group>"; };
		16363CA71E83BA7E000B7565 /* snow showers.png */ = {isa = PBXFileReference; lastKnownFileType = image.png; path = "snow showers.png"; sourceTree = "<group>"; };
		16363CA81E83BA7E000B7565 /* snow.png */ = {isa = PBXFileReference; lastKnownFileType = image.png; path = snow.png; sourceTree = "<group>"; };
		16363CA91E83BA7E000B7565 /* sunny.png */ = {isa = PBXFileReference; lastKnownFileType = image.png; path = sunny.png; sourceTree = "<group>"; };
		16363CAA1E83BA7E000B7565 /* thunderstorms.png */ = {isa = PBXFileReference; lastKnownFileType = image.png; path = thunderstorms.png; sourceTree = "<group>"; };
		16363CAB1E83BA7E000B7565 /* windy.png */ = {isa = PBXFileReference; lastKnownFileType = image.png; path = windy.png; sourceTree = "<group>"; };
		16DF37D21E8268EC008EE40F /* LaLa.app */ = {isa = PBXFileReference; explicitFileType = wrapper.application; includeInIndex = 0; path = LaLa.app; sourceTree = BUILT_PRODUCTS_DIR; };
		16DF37D51E8268EC008EE40F /* AppDelegate.swift */ = {isa = PBXFileReference; lastKnownFileType = sourcecode.swift; path = AppDelegate.swift; sourceTree = "<group>"; };
		16DF37DA1E8268EC008EE40F /* Base */ = {isa = PBXFileReference; lastKnownFileType = file.storyboard; name = Base; path = Base.lproj/Main.storyboard; sourceTree = "<group>"; };
		16DF37DC1E8268EC008EE40F /* Assets.xcassets */ = {isa = PBXFileReference; lastKnownFileType = folder.assetcatalog; path = Assets.xcassets; sourceTree = "<group>"; };
		16DF37DF1E8268EC008EE40F /* Base */ = {isa = PBXFileReference; lastKnownFileType = file.storyboard; name = Base; path = Base.lproj/LaunchScreen.storyboard; sourceTree = "<group>"; };
		16DF37E11E8268EC008EE40F /* Info.plist */ = {isa = PBXFileReference; lastKnownFileType = text.plist.xml; path = Info.plist; sourceTree = "<group>"; };
		16DF37E81E82708C008EE40F /* MapKit.framework */ = {isa = PBXFileReference; lastKnownFileType = wrapper.framework; name = MapKit.framework; path = System/Library/Frameworks/MapKit.framework; sourceTree = SDKROOT; };
/* End PBXFileReference section */

/* Begin PBXFrameworksBuildPhase section */
		16DF37CF1E8268EC008EE40F /* Frameworks */ = {
			isa = PBXFrameworksBuildPhase;
			buildActionMask = 2147483647;
			files = (
				16DF37E91E82708C008EE40F /* MapKit.framework in Frameworks */,
			);
			runOnlyForDeploymentPostprocessing = 0;
		};
/* End PBXFrameworksBuildPhase section */

/* Begin PBXGroup section */
		16363C7B1E83AC49000B7565 /* Clock */ = {
			isa = PBXGroup;
			children = (
				16363C801E83ACCD000B7565 /* Alarm */,
				16DF37EA1E827CE6008EE40F /* Weather */,
				16363C7D1E83AC78000B7565 /* Theme */,
				16363C811E83ADAA000B7565 /* ClockViewController.swift */,
			);
			name = Clock;
			sourceTree = "<group>";
		};
		16363C7C1E83AC65000B7565 /* Setting */ = {
			isa = PBXGroup;
			children = (
			);
			name = Setting;
			sourceTree = "<group>";
		};
		16363C7D1E83AC78000B7565 /* Theme */ = {
			isa = PBXGroup;
			children = (
			);
			name = Theme;
			sourceTree = "<group>";
		};
		16363C7E1E83AC7C000B7565 /* GPS Logger */ = {
			isa = PBXGroup;
			children = (
			);
			name = "GPS Logger";
			sourceTree = "<group>";
		};
		16363C801E83ACCD000B7565 /* Alarm */ = {
			isa = PBXGroup;
			children = (
			);
			name = Alarm;
			sourceTree = "<group>";
		};
		16363C831E83ADF4000B7565 /* Resources */ = {
			isa = PBXGroup;
			children = (
				16363C841E83BA7E000B7565 /* weatherIcon */,
			);
			name = Resources;
			sourceTree = "<group>";
		};
		16363C841E83BA7E000B7565 /* weatherIcon */ = {
			isa = PBXGroup;
			children = (
				16363C851E83BA7E000B7565 /* blowing snow.png */,
				16363C861E83BA7E000B7565 /* blustery.png */,
				16363C871E83BA7E000B7565 /* clear.png */,
				16363C891E83BA7E000B7565 /* cloudy.png */,
				16363C8A1E83BA7E000B7565 /* cold.png */,
				16363C8B1E83BA7E000B7565 /* drizzle.png */,
				16363C8C1E83BA7E000B7565 /* dust.png */,
				16363C8D1E83BA7E000B7565 /* fair.png */,
				16363C8E1E83BA7E000B7565 /* foggy.png */,
				16363C8F1E83BA7E000B7565 /* freezing drizzle.png */,
				16363C901E83BA7E000B7565 /* freezing rain.png */,
				16363C911E83BA7E000B7565 /* hail.png */,
				16363C921E83BA7E000B7565 /* haze.png */,
				16363C931E83BA7E000B7565 /* heavy snow.png */,
				16363C941E83BA7E000B7565 /* hot.png */,
				16363C951E83BA7E000B7565 /* isolated thundershowers.png */,
				16363C961E83BA7E000B7565 /* isolated thunderstorms.png */,
				16363C971E83BA7E000B7565 /* light snow showers.png */,
				16363C981E83BA7E000B7565 /* mixed rain and hail.png */,
				16363C991E83BA7E000B7565 /* mixed rain and sleet.png */,
				16363C9A1E83BA7E000B7565 /* mixed rain and snow.png */,
				16363C9B1E83BA7E000B7565 /* mixed snow and sleet.png */,
				16363C9C1E83BA7E000B7565 /* mostly cloudy.png */,
				16363C9D1E83BA7E000B7565 /* partly cloudy.png */,
				16363C9E1E83BA7E000B7565 /* scattered showers.png */,
				16363C9F1E83BA7E000B7565 /* scattered snow showers.png */,
				16363CA01E83BA7E000B7565 /* scattered thunderstorms.png */,
				16363CA11E83BA7E000B7565 /* severe thunderstorms.png */,
				16363CA21E83BA7E000B7565 /* showers.png */,
				16363CA31E83BA7E000B7565 /* sleet.png */,
				16363CA41E83BA7E000B7565 /* smoke.png */,
				16363CA51E83BA7E000B7565 /* smoky.png */,
				16363CA61E83BA7E000B7565 /* snow flurries.png */,
				16363CA71E83BA7E000B7565 /* snow showers.png */,
				16363CA81E83BA7E000B7565 /* snow.png */,
				16363CA91E83BA7E000B7565 /* sunny.png */,
				16363CAA1E83BA7E000B7565 /* thunderstorms.png */,
				16363CAB1E83BA7E000B7565 /* windy.png */,
			);
			name = weatherIcon;
			path = Resources/weatherIcon;
			sourceTree = "<group>";
		};
		16DF37C91E8268EC008EE40F = {
			isa = PBXGroup;
			children = (
				16DF37D41E8268EC008EE40F /* LaLa */,
				16DF37D31E8268EC008EE40F /* Products */,
				16DF37E71E82708C008EE40F /* Frameworks */,
			);
			sourceTree = "<group>";
		};
		16DF37D31E8268EC008EE40F /* Products */ = {
			isa = PBXGroup;
			children = (
				16DF37D21E8268EC008EE40F /* LaLa.app */,
			);
			name = Products;
			sourceTree = "<group>";
		};
		16DF37D41E8268EC008EE40F /* LaLa */ = {
			isa = PBXGroup;
			children = (
				16363C7B1E83AC49000B7565 /* Clock */,
				16363C7E1E83AC7C000B7565 /* GPS Logger */,
				16363C7C1E83AC65000B7565 /* Setting */,
				16363C831E83ADF4000B7565 /* Resources */,
				16DF37D51E8268EC008EE40F /* AppDelegate.swift */,
				16DF37D91E8268EC008EE40F /* Main.storyboard */,
				16DF37DC1E8268EC008EE40F /* Assets.xcassets */,
				16DF37DE1E8268EC008EE40F /* LaunchScreen.storyboard */,
				16DF37E11E8268EC008EE40F /* Info.plist */,
			);
			path = LaLa;
			sourceTree = "<group>";
		};
		16DF37E71E82708C008EE40F /* Frameworks */ = {
			isa = PBXGroup;
			children = (
				16DF37E81E82708C008EE40F /* MapKit.framework */,
			);
			name = Frameworks;
			sourceTree = "<group>";
		};
		16DF37EA1E827CE6008EE40F /* Weather */ = {
			isa = PBXGroup;
			children = (
			);
			name = Weather;
			sourceTree = "<group>";
		};
/* End PBXGroup section */

/* Begin PBXNativeTarget section */
		16DF37D11E8268EC008EE40F /* LaLa */ = {
			isa = PBXNativeTarget;
			buildConfigurationList = 16DF37E41E8268EC008EE40F /* Build configuration list for PBXNativeTarget "LaLa" */;
			buildPhases = (
				16DF37CE1E8268EC008EE40F /* Sources */,
				16DF37CF1E8268EC008EE40F /* Frameworks */,
				16DF37D01E8268EC008EE40F /* Resources */,
			);
			buildRules = (
			);
			dependencies = (
			);
			name = LaLa;
			productName = LaLa;
			productReference = 16DF37D21E8268EC008EE40F /* LaLa.app */;
			productType = "com.apple.product-type.application";
		};
/* End PBXNativeTarget section */

/* Begin PBXProject section */
		16DF37CA1E8268EC008EE40F /* Project object */ = {
			isa = PBXProject;
			attributes = {
				LastSwiftUpdateCheck = 0820;
				LastUpgradeCheck = 0820;
				ORGANIZATIONNAME = Sokm83;
				TargetAttributes = {
					16DF37D11E8268EC008EE40F = {
						CreatedOnToolsVersion = 8.2.1;
						ProvisioningStyle = Automatic;
						SystemCapabilities = {
							com.apple.Maps.iOS = {
								enabled = 1;
							};
						};
					};
				};
			};
			buildConfigurationList = 16DF37CD1E8268EC008EE40F /* Build configuration list for PBXProject "LaLa" */;
			compatibilityVersion = "Xcode 3.2";
			developmentRegion = English;
			hasScannedForEncodings = 0;
			knownRegions = (
				en,
				Base,
			);
			mainGroup = 16DF37C91E8268EC008EE40F;
			productRefGroup = 16DF37D31E8268EC008EE40F /* Products */;
			projectDirPath = "";
			projectRoot = "";
			targets = (
				16DF37D11E8268EC008EE40F /* LaLa */,
			);
		};
/* End PBXProject section */

/* Begin PBXResourcesBuildPhase section */
		16DF37D01E8268EC008EE40F /* Resources */ = {
			isa = PBXResourcesBuildPhase;
			buildActionMask = 2147483647;
			files = (
				16363CC61E83BA7E000B7565 /* scattered snow showers.png in Resources */,
				16363CCB1E83BA7E000B7565 /* smoke.png in Resources */,
				16363CB61E83BA7E000B7565 /* freezing drizzle.png in Resources */,
				16363CCA1E83BA7E000B7565 /* sleet.png in Resources */,
				16363CAC1E83BA7E000B7565 /* blowing snow.png in Resources */,
				16363CBB1E83BA7E000B7565 /* hot.png in Resources */,
				16363CCE1E83BA7E000B7565 /* snow showers.png in Resources */,
				16363CC01E83BA7E000B7565 /* mixed rain and sleet.png in Resources */,
				16363CC11E83BA7E000B7565 /* mixed rain and snow.png in Resources */,
				16363CB31E83BA7E000B7565 /* dust.png in Resources */,
				16363CB11E83BA7E000B7565 /* cold.png in Resources */,
				16363CBD1E83BA7E000B7565 /* isolated thunderstorms.png in Resources */,
				16DF37E01E8268EC008EE40F /* LaunchScreen.storyboard in Resources */,
				16363CC71E83BA7E000B7565 /* scattered thunderstorms.png in Resources */,
				16363CB41E83BA7E000B7565 /* fair.png in Resources */,
				16363CC21E83BA7E000B7565 /* mixed snow and sleet.png in Resources */,
				16363CD01E83BA7E000B7565 /* sunny.png in Resources */,
				16363CB91E83BA7E000B7565 /* haze.png in Resources */,
				16363CD21E83BA7E000B7565 /* windy.png in Resources */,
				16363CB21E83BA7E000B7565 /* drizzle.png in Resources */,
				16363CBF1E83BA7E000B7565 /* mixed rain and hail.png in Resources */,
				16363CCC1E83BA7E000B7565 /* smoky.png in Resources */,
				16363CBE1E83BA7E000B7565 /* light snow showers.png in Resources */,
				16363CAD1E83BA7E000B7565 /* blustery.png in Resources */,
				16363CB81E83BA7E000B7565 /* hail.png in Resources */,
				16363CC91E83BA7E000B7565 /* showers.png in Resources */,
				16363CAE1E83BA7E000B7565 /* clear.png in Resources */,
				16363CB01E83BA7E000B7565 /* cloudy.png in Resources */,
				16363CBA1E83BA7E000B7565 /* heavy snow.png in Resources */,
				16363CC81E83BA7E000B7565 /* severe thunderstorms.png in Resources */,
				16363CB51E83BA7E000B7565 /* foggy.png in Resources */,
				16363CC51E83BA7E000B7565 /* scattered showers.png in Resources */,
				16363CBC1E83BA7E000B7565 /* isolated thundershowers.png in Resources */,
				16363CD11E83BA7E000B7565 /* thunderstorms.png in Resources */,
				16DF37DD1E8268EC008EE40F /* Assets.xcassets in Resources */,
				16363CC41E83BA7E000B7565 /* partly cloudy.png in Resources */,
				16363CCD1E83BA7E000B7565 /* snow flurries.png in Resources */,
				16363CCF1E83BA7E000B7565 /* snow.png in Resources */,
				16363CB71E83BA7E000B7565 /* freezing rain.png in Resources */,
				16DF37DB1E8268EC008EE40F /* Main.storyboard in Resources */,
				16363CC31E83BA7E000B7565 /* mostly cloudy.png in Resources */,
			);
			runOnlyForDeploymentPostprocessing = 0;
		};
/* End PBXResourcesBuildPhase section */

/* Begin PBXSourcesBuildPhase section */
		16DF37CE1E8268EC008EE40F /* Sources */ = {
			isa = PBXSourcesBuildPhase;
			buildActionMask = 2147483647;
			files = (
				16363C821E83ADAA000B7565 /* ClockViewController.swift in Sources */,
				16DF37D61E8268EC008EE40F /* AppDelegate.swift in Sources */,
			);
			runOnlyForDeploymentPostprocessing = 0;
		};
/* End PBXSourcesBuildPhase section */

/* Begin PBXVariantGroup section */
		16DF37D91E8268EC008EE40F /* Main.storyboard */ = {
			isa = PBXVariantGroup;
			children = (
				16DF37DA1E8268EC008EE40F /* Base */,
			);
			name = Main.storyboard;
			sourceTree = "<group>";
		};
		16DF37DE1E8268EC008EE40F /* LaunchScreen.storyboard */ = {
			isa = PBXVariantGroup;
			children = (
				16DF37DF1E8268EC008EE40F /* Base */,
			);
			name = LaunchScreen.storyboard;
			sourceTree = "<group>";
		};
/* End PBXVariantGroup section */

/* Begin XCBuildConfiguration section */
		16DF37E21E8268EC008EE40F /* Debug */ = {
			isa = XCBuildConfiguration;
			buildSettings = {
				ALWAYS_SEARCH_USER_PATHS = NO;
				CLANG_ANALYZER_NONNULL = YES;
				CLANG_CXX_LANGUAGE_STANDARD = "gnu++0x";
				CLANG_CXX_LIBRARY = "libc++";
				CLANG_ENABLE_MODULES = YES;
				CLANG_ENABLE_OBJC_ARC = YES;
				CLANG_WARN_BOOL_CONVERSION = YES;
				CLANG_WARN_CONSTANT_CONVERSION = YES;
				CLANG_WARN_DIRECT_OBJC_ISA_USAGE = YES_ERROR;
				CLANG_WARN_DOCUMENTATION_COMMENTS = YES;
				CLANG_WARN_EMPTY_BODY = YES;
				CLANG_WARN_ENUM_CONVERSION = YES;
				CLANG_WARN_INFINITE_RECURSION = YES;
				CLANG_WARN_INT_CONVERSION = YES;
				CLANG_WARN_OBJC_ROOT_CLASS = YES_ERROR;
				CLANG_WARN_SUSPICIOUS_MOVE = YES;
				CLANG_WARN_UNREACHABLE_CODE = YES;
				CLANG_WARN__DUPLICATE_METHOD_MATCH = YES;
				"CODE_SIGN_IDENTITY[sdk=iphoneos*]" = "iPhone Developer";
				COPY_PHASE_STRIP = NO;
				DEBUG_INFORMATION_FORMAT = dwarf;
				ENABLE_STRICT_OBJC_MSGSEND = YES;
				ENABLE_TESTABILITY = YES;
				GCC_C_LANGUAGE_STANDARD = gnu99;
				GCC_DYNAMIC_NO_PIC = NO;
				GCC_NO_COMMON_BLOCKS = YES;
				GCC_OPTIMIZATION_LEVEL = 0;
				GCC_PREPROCESSOR_DEFINITIONS = (
					"DEBUG=1",
					"$(inherited)",
				);
				GCC_WARN_64_TO_32_BIT_CONVERSION = YES;
				GCC_WARN_ABOUT_RETURN_TYPE = YES_ERROR;
				GCC_WARN_UNDECLARED_SELECTOR = YES;
				GCC_WARN_UNINITIALIZED_AUTOS = YES_AGGRESSIVE;
				GCC_WARN_UNUSED_FUNCTION = YES;
				GCC_WARN_UNUSED_VARIABLE = YES;
				IPHONEOS_DEPLOYMENT_TARGET = 10.2;
				MTL_ENABLE_DEBUG_INFO = YES;
				ONLY_ACTIVE_ARCH = YES;
				SDKROOT = iphoneos;
				SWIFT_ACTIVE_COMPILATION_CONDITIONS = DEBUG;
				SWIFT_OPTIMIZATION_LEVEL = "-Onone";
				TARGETED_DEVICE_FAMILY = "1,2";
			};
			name = Debug;
		};
		16DF37E31E8268EC008EE40F /* Release */ = {
			isa = XCBuildConfiguration;
			buildSettings = {
				ALWAYS_SEARCH_USER_PATHS = NO;
				CLANG_ANALYZER_NONNULL = YES;
				CLANG_CXX_LANGUAGE_STANDARD = "gnu++0x";
				CLANG_CXX_LIBRARY = "libc++";
				CLANG_ENABLE_MODULES = YES;
				CLANG_ENABLE_OBJC_ARC = YES;
				CLANG_WARN_BOOL_CONVERSION = YES;
				CLANG_WARN_CONSTANT_CONVERSION = YES;
				CLANG_WARN_DIRECT_OBJC_ISA_USAGE = YES_ERROR;
				CLANG_WARN_DOCUMENTATION_COMMENTS = YES;
				CLANG_WARN_EMPTY_BODY = YES;
				CLANG_WARN_ENUM_CONVERSION = YES;
				CLANG_WARN_INFINITE_RECURSION = YES;
				CLANG_WARN_INT_CONVERSION = YES;
				CLANG_WARN_OBJC_ROOT_CLASS = YES_ERROR;
				CLANG_WARN_SUSPICIOUS_MOVE = YES;
				CLANG_WARN_UNREACHABLE_CODE = YES;
				CLANG_WARN__DUPLICATE_METHOD_MATCH = YES;
				"CODE_SIGN_IDENTITY[sdk=iphoneos*]" = "iPhone Developer";
				COPY_PHASE_STRIP = NO;
				DEBUG_INFORMATION_FORMAT = "dwarf-with-dsym";
				ENABLE_NS_ASSERTIONS = NO;
				ENABLE_STRICT_OBJC_MSGSEND = YES;
				GCC_C_LANGUAGE_STANDARD = gnu99;
				GCC_NO_COMMON_BLOCKS = YES;
				GCC_WARN_64_TO_32_BIT_CONVERSION = YES;
				GCC_WARN_ABOUT_RETURN_TYPE = YES_ERROR;
				GCC_WARN_UNDECLARED_SELECTOR = YES;
				GCC_WARN_UNINITIALIZED_AUTOS = YES_AGGRESSIVE;
				GCC_WARN_UNUSED_FUNCTION = YES;
				GCC_WARN_UNUSED_VARIABLE = YES;
				IPHONEOS_DEPLOYMENT_TARGET = 10.2;
				MTL_ENABLE_DEBUG_INFO = NO;
				SDKROOT = iphoneos;
				SWIFT_OPTIMIZATION_LEVEL = "-Owholemodule";
				TARGETED_DEVICE_FAMILY = "1,2";
				VALIDATE_PRODUCT = YES;
			};
			name = Release;
		};
		16DF37E51E8268EC008EE40F /* Debug */ = {
			isa = XCBuildConfiguration;
			buildSettings = {
				ASSETCATALOG_COMPILER_APPICON_NAME = AppIcon;
				INFOPLIST_FILE = LaLa/Info.plist;
				LD_RUNPATH_SEARCH_PATHS = "$(inherited) @executable_path/Frameworks";
				PRODUCT_BUNDLE_IDENTIFIER = SugilLee.LaLa;
				PRODUCT_NAME = "$(TARGET_NAME)";
				SWIFT_VERSION = 3.0;
			};
			name = Debug;
		};
		16DF37E61E8268EC008EE40F /* Release */ = {
			isa = XCBuildConfiguration;
			buildSettings = {
				ASSETCATALOG_COMPILER_APPICON_NAME = AppIcon;
				INFOPLIST_FILE = LaLa/Info.plist;
				LD_RUNPATH_SEARCH_PATHS = "$(inherited) @executable_path/Frameworks";
				PRODUCT_BUNDLE_IDENTIFIER = SugilLee.LaLa;
				PRODUCT_NAME = "$(TARGET_NAME)";
				SWIFT_VERSION = 3.0;
			};
			name = Release;
		};
/* End XCBuildConfiguration section */

/* Begin XCConfigurationList section */
		16DF37CD1E8268EC008EE40F /* Build configuration list for PBXProject "LaLa" */ = {
			isa = XCConfigurationList;
			buildConfigurations = (
				16DF37E21E8268EC008EE40F /* Debug */,
				16DF37E31E8268EC008EE40F /* Release */,
			);
			defaultConfigurationIsVisible = 0;
			defaultConfigurationName = Release;
		};
		16DF37E41E8268EC008EE40F /* Build configuration list for PBXNativeTarget "LaLa" */ = {
			isa = XCConfigurationList;
			buildConfigurations = (
				16DF37E51E8268EC008EE40F /* Debug */,
				16DF37E61E8268EC008EE40F /* Release */,
			);
			defaultConfigurationIsVisible = 0;
			defaultConfigurationName = Release;
		};
/* End XCConfigurationList section */
	};
	rootObject = 16DF37CA1E8268EC008EE40F /* Project object */;
}
